
Microsoft Visual Studio Solution File, Format Version 12.00
# Visual Studio Version 16
VisualStudioVersion = 16.0.31702.278
MinimumVisualStudioVersion = 10.0.40219.1
Project("{9A19103F-16F7-4668-BE54-9A1E7A4F7556}") = "Common.Plugin", "Common.Plugin\Common.Plugin.csproj", "{0294B040-5D3B-4DCA-909C-A6724A54307E}"
EndProject
Project("{9A19103F-16F7-4668-BE54-9A1E7A4F7556}") = "Gris5a.Plugin", "Gris5a.Plugin\Gris5a.Plugin.csproj", "{0E3EEA40-377B-4639-8985-743F725C1354}"
EndProject
Project("{9A19103F-16F7-4668-BE54-9A1E7A4F7556}") = "No2.Plugin", "No2.Plugin\No2.Plugin.csproj", "{FEAE7CB5-396C-494A-BCFB-D94E64B4F864}"
EndProject
Project("{9A19103F-16F7-4668-BE54-9A1E7A4F7556}") = "No3.Plugin", "No3.Plugin\No3.Plugin.csproj", "{AA973671-B679-47D8-8F03-4060918B55B0}"
EndProject
Project("{9A19103F-16F7-4668-BE54-9A1E7A4F7556}") = "Zero.Plugin", "Zero.Plugin\Zero.Plugin.csproj", "{BAF9B992-4306-42E3-9116-C1CD88DD2A05}"
EndProject
Project("{9A19103F-16F7-4668-BE54-9A1E7A4F7556}") = "App", "App\App.csproj", "{A5681C15-D07C-4FB8-B02C-B6BBA271DD9F}"
EndProject
Project("{9A19103F-16F7-4668-BE54-9A1E7A4F7556}") = "Common", "Common\Common.csproj", "{F5BE27E7-6FA0-44FE-BFC4-AEEC7ECEB1BA}"
EndProject
Project("{9A19103F-16F7-4668-BE54-9A1E7A4F7556}") = "Gris5a", "Gris5a\Gris5a.csproj", "{452BF503-C050-481A-B83F-E665BC33D495}"
EndProject
Project("{9A19103F-16F7-4668-BE54-9A1E7A4F7556}") = "No2", "No2\No2.csproj", "{2D7FC168-978C-41F2-99BC-B5AD5BCFE15F}"
EndProject
Project("{9A19103F-16F7-4668-BE54-9A1E7A4F7556}") = "No3", "No3\No3.csproj", "{B85D7AB2-EAC6-4826-B3E6-A2BA0FC88088}"
EndProject
Global
	GlobalSection(SolutionConfigurationPlatforms) = preSolution
		Debug|Any CPU = Debug|Any CPU
		Release|Any CPU = Release|Any CPU
	EndGlobalSection
	GlobalSection(ProjectConfigurationPlatforms) = postSolution
		{0294B040-5D3B-4DCA-909C-A6724A54307E}.Debug|Any CPU.ActiveCfg = Debug|Any CPU
		{0294B040-5D3B-4DCA-909C-A6724A54307E}.Debug|Any CPU.Build.0 = Debug|Any CPU
		{0294B040-5D3B-4DCA-909C-A6724A54307E}.Release|Any CPU.ActiveCfg = Release|Any CPU
		{0294B040-5D3B-4DCA-909C-A6724A54307E}.Release|Any CPU.Build.0 = Release|Any CPU
		{0E3EEA40-377B-4639-8985-743F725C1354}.Debug|Any CPU.ActiveCfg = Debug|Any CPU
		{0E3EEA40-377B-4639-8985-743F725C1354}.Debug|Any CPU.Build.0 = Debug|Any CPU
		{0E3EEA40-377B-4639-8985-743F725C1354}.Release|Any CPU.ActiveCfg = Release|Any CPU
		{0E3EEA40-377B-4639-8985-743F725C1354}.Release|Any CPU.Build.0 = Release|Any CPU
		{FEAE7CB5-396C-494A-BCFB-D94E64B4F864}.Debug|Any CPU.ActiveCfg = Debug|Any CPU
		{FEAE7CB5-396C-494A-BCFB-D94E64B4F864}.Debug|Any CPU.Build.0 = Debug|Any CPU
		{FEAE7CB5-396C-494A-BCFB-D94E64B4F864}.Release|Any CPU.ActiveCfg = Release|Any CPU
		{FEAE7CB5-396C-494A-BCFB-D94E64B4F864}.Release|Any CPU.Build.0 = Release|Any CPU
		{AA973671-B679-47D8-8F03-4060918B55B0}.Debug|Any CPU.ActiveCfg = Debug|Any CPU
		{AA973671-B679-47D8-8F03-4060918B55B0}.Debug|Any CPU.Build.0 = Debug|Any CPU
		{AA973671-B679-47D8-8F03-4060918B55B0}.Release|Any CPU.ActiveCfg = Release|Any CPU
		{AA973671-B679-47D8-8F03-4060918B55B0}.Release|Any CPU.Build.0 = Release|Any CPU
		{BAF9B992-4306-42E3-9116-C1CD88DD2A05}.Debug|Any CPU.ActiveCfg = Debug|Any CPU
		{BAF9B992-4306-42E3-9116-C1CD88DD2A05}.Debug|Any CPU.Build.0 = Debug|Any CPU
		{BAF9B992-4306-42E3-9116-C1CD88DD2A05}.Release|Any CPU.ActiveCfg = Release|Any CPU
		{BAF9B992-4306-42E3-9116-C1CD88DD2A05}.Release|Any CPU.Build.0 = Release|Any CPU
		{A5681C15-D07C-4FB8-B02C-B6BBA271DD9F}.Debug|Any CPU.ActiveCfg = Debug|Any CPU
		{A5681C15-D07C-4FB8-B02C-B6BBA271DD9F}.Debug|Any CPU.Build.0 = Debug|Any CPU
		{A5681C15-D07C-4FB8-B02C-B6BBA271DD9F}.Release|Any CPU.ActiveCfg = Release|Any CPU
		{A5681C15-D07C-4FB8-B02C-B6BBA271DD9F}.Release|Any CPU.Build.0 = Release|Any CPU
		{F5BE27E7-6FA0-44FE-BFC4-AEEC7ECEB1BA}.Debug|Any CPU.ActiveCfg = Debug|Any CPU
		{F5BE27E7-6FA0-44FE-BFC4-AEEC7ECEB1BA}.Debug|Any CPU.Build.0 = Debug|Any CPU
		{F5BE27E7-6FA0-44FE-BFC4-AEEC7ECEB1BA}.Release|Any CPU.ActiveCfg = Release|Any CPU
		{F5BE27E7-6FA0-44FE-BFC4-AEEC7ECEB1BA}.Release|Any CPU.Build.0 = Release|Any CPU
		{452BF503-C050-481A-B83F-E665BC33D495}.Debug|Any CPU.ActiveCfg = Debug|Any CPU
		{452BF503-C050-481A-B83F-E665BC33D495}.Debug|Any CPU.Build.0 = Debug|Any CPU
		{452BF503-C050-481A-B83F-E665BC33D495}.Release|Any CPU.ActiveCfg = Release|Any CPU
		{452BF503-C050-481A-B83F-E665BC33D495}.Release|Any CPU.Build.0 = Release|Any CPU
		{2D7FC168-978C-41F2-99BC-B5AD5BCFE15F}.Debug|Any CPU.ActiveCfg = Debug|Any CPU
		{2D7FC168-978C-41F2-99BC-B5AD5BCFE15F}.Debug|Any CPU.Build.0 = Debug|Any CPU
		{2D7FC168-978C-41F2-99BC-B5AD5BCFE15F}.Release|Any CPU.ActiveCfg = Release|Any CPU
		{2D7FC168-978C-41F2-99BC-B5AD5BCFE15F}.Release|Any CPU.Build.0 = Release|Any CPU
		{B85D7AB2-EAC6-4826-B3E6-A2BA0FC88088}.Debug|Any CPU.ActiveCfg = Debug|Any CPU
		{B85D7AB2-EAC6-4826-B3E6-A2BA0FC88088}.Debug|Any CPU.Build.0 = Debug|Any CPU
		{B85D7AB2-EAC6-4826-B3E6-A2BA0FC88088}.Release|Any CPU.ActiveCfg = Release|Any CPU
		{B85D7AB2-EAC6-4826-B3E6-A2BA0FC88088}.Release|Any CPU.Build.0 = Release|Any CPU
	EndGlobalSection
	GlobalSection(SolutionProperties) = preSolution
		HideSolutionNode = FALSE
	EndGlobalSection
	GlobalSection(ExtensibilityGlobals) = postSolution
		SolutionGuid = {EE8D608A-89E6-4D10-B836-D1A1CAD29119}
	EndGlobalSection
EndGlobal
