
Microsoft Visual Studio Solution File, Format Version 12.00
# Visual Studio 15
VisualStudioVersion = 15.0.28010.2036
MinimumVisualStudioVersion = 10.0.40219.1
Project("{FAE04EC0-301F-11D3-BF4B-00C04F79EFBC}") = "Gris5a", "Gris5a\Gris5a.csproj", "{685D0F81-3DD9-4F16-80C9-B030D1C0F95D}"
EndProject
Project("{FAE04EC0-301F-11D3-BF4B-00C04F79EFBC}") = "Common", "Common\Common.csproj", "{05474EE8-AC5D-4EC2-A773-6557A72E6C88}"
EndProject
Project("{FAE04EC0-301F-11D3-BF4B-00C04F79EFBC}") = "No2", "No2\No2.csproj", "{A8B13711-34DF-4F49-9662-2D3EECEDDCB7}"
EndProject
Project("{FAE04EC0-301F-11D3-BF4B-00C04F79EFBC}") = "App", "App\App.csproj", "{334651F4-C580-42FF-8D87-D94571EC184B}"
EndProject
Project("{FAE04EC0-301F-11D3-BF4B-00C04F79EFBC}") = "No3", "No3\No3.csproj", "{4469228C-A0F4-44F7-8536-E6E4752CB861}"
EndProject
Global
	GlobalSection(SolutionConfigurationPlatforms) = preSolution
		Debug|Any CPU = Debug|Any CPU
		Release|Any CPU = Release|Any CPU
	EndGlobalSection
	GlobalSection(ProjectConfigurationPlatforms) = postSolution
		{685D0F81-3DD9-4F16-80C9-B030D1C0F95D}.Debug|Any CPU.ActiveCfg = Debug|Any CPU
		{685D0F81-3DD9-4F16-80C9-B030D1C0F95D}.Debug|Any CPU.Build.0 = Debug|Any CPU
		{685D0F81-3DD9-4F16-80C9-B030D1C0F95D}.Release|Any CPU.ActiveCfg = Release|Any CPU
		{685D0F81-3DD9-4F16-80C9-B030D1C0F95D}.Release|Any CPU.Build.0 = Release|Any CPU
		{05474EE8-AC5D-4EC2-A773-6557A72E6C88}.Debug|Any CPU.ActiveCfg = Debug|Any CPU
		{05474EE8-AC5D-4EC2-A773-6557A72E6C88}.Debug|Any CPU.Build.0 = Debug|Any CPU
		{05474EE8-AC5D-4EC2-A773-6557A72E6C88}.Release|Any CPU.ActiveCfg = Release|Any CPU
		{05474EE8-AC5D-4EC2-A773-6557A72E6C88}.Release|Any CPU.Build.0 = Release|Any CPU
		{A8B13711-34DF-4F49-9662-2D3EECEDDCB7}.Debug|Any CPU.ActiveCfg = Debug|Any CPU
		{A8B13711-34DF-4F49-9662-2D3EECEDDCB7}.Debug|Any CPU.Build.0 = Debug|Any CPU
		{A8B13711-34DF-4F49-9662-2D3EECEDDCB7}.Release|Any CPU.ActiveCfg = Release|Any CPU
		{A8B13711-34DF-4F49-9662-2D3EECEDDCB7}.Release|Any CPU.Build.0 = Release|Any CPU
		{334651F4-C580-42FF-8D87-D94571EC184B}.Debug|Any CPU.ActiveCfg = Debug|Any CPU
		{334651F4-C580-42FF-8D87-D94571EC184B}.Debug|Any CPU.Build.0 = Debug|Any CPU
		{334651F4-C580-42FF-8D87-D94571EC184B}.Release|Any CPU.ActiveCfg = Release|Any CPU
		{334651F4-C580-42FF-8D87-D94571EC184B}.Release|Any CPU.Build.0 = Release|Any CPU
		{4469228C-A0F4-44F7-8536-E6E4752CB861}.Debug|Any CPU.ActiveCfg = Debug|Any CPU
		{4469228C-A0F4-44F7-8536-E6E4752CB861}.Debug|Any CPU.Build.0 = Debug|Any CPU
		{4469228C-A0F4-44F7-8536-E6E4752CB861}.Release|Any CPU.ActiveCfg = Release|Any CPU
		{4469228C-A0F4-44F7-8536-E6E4752CB861}.Release|Any CPU.Build.0 = Release|Any CPU
	EndGlobalSection
	GlobalSection(SolutionProperties) = preSolution
		HideSolutionNode = FALSE
	EndGlobalSection
	GlobalSection(ExtensibilityGlobals) = postSolution
		SolutionGuid = {C94429BF-887E-421F-AF95-CD625074BDAB}
	EndGlobalSection
EndGlobal
